
Microsoft Visual Studio Solution File, Format Version 12.00
# Visual Studio Version 17
VisualStudioVersion = 17.7.34024.191
MinimumVisualStudioVersion = 10.0.40219.1
Project("{9A19103F-16F7-4668-BE54-9A1E7A4F7556}") = "GeoRegionMapper", "internship\GeoRegionMapper.csproj", "{C111CDDC-58CC-471E-A8EE-577F2AB98C30}"
EndProject
Project("{9A19103F-16F7-4668-BE54-9A1E7A4F7556}") = "TestGeoRegionMapper", "TestInternship\TestGeoRegionMapper.csproj", "{64555CD7-651E-40DD-A411-6C5777546C63}"
EndProject
Global
	GlobalSection(SolutionConfigurationPlatforms) = preSolution
		Debug|Any CPU = Debug|Any CPU
		Release|Any CPU = Release|Any CPU
	EndGlobalSection
	GlobalSection(ProjectConfigurationPlatforms) = postSolution
		{C111CDDC-58CC-471E-A8EE-577F2AB98C30}.Debug|Any CPU.ActiveCfg = Debug|Any CPU
		{C111CDDC-58CC-471E-A8EE-577F2AB98C30}.Debug|Any CPU.Build.0 = Debug|Any CPU
		{C111CDDC-58CC-471E-A8EE-577F2AB98C30}.Release|Any CPU.ActiveCfg = Release|Any CPU
		{C111CDDC-58CC-471E-A8EE-577F2AB98C30}.Release|Any CPU.Build.0 = Release|Any CPU
		{64555CD7-651E-40DD-A411-6C5777546C63}.Debug|Any CPU.ActiveCfg = Debug|Any CPU
		{64555CD7-651E-40DD-A411-6C5777546C63}.Debug|Any CPU.Build.0 = Debug|Any CPU
		{64555CD7-651E-40DD-A411-6C5777546C63}.Release|Any CPU.ActiveCfg = Release|Any CPU
		{64555CD7-651E-40DD-A411-6C5777546C63}.Release|Any CPU.Build.0 = Release|Any CPU
	EndGlobalSection
	GlobalSection(SolutionProperties) = preSolution
		HideSolutionNode = FALSE
	EndGlobalSection
	GlobalSection(ExtensibilityGlobals) = postSolution
		SolutionGuid = {4944822F-5760-4BF6-9D30-2FB2AB6970C9}
	EndGlobalSection
EndGlobal
